
Microsoft Visual Studio Solution File, Format Version 12.00
# Visual Studio Version 16
VisualStudioVersion = 16.0.29519.87
MinimumVisualStudioVersion = 10.0.40219.1
Project("{FAE04EC0-301F-11D3-BF4B-00C04F79EFBC}") = "HookTest", "HookTest\HookTest.csproj", "{F05CF7F9-43A6-4404-AF87-3466A18242D0}"
EndProject
Project("{FAE04EC0-301F-11D3-BF4B-00C04F79EFBC}") = "InjectedLib", "InjectedLib\InjectedLib.csproj", "{69F5371E-D49A-459B-AB23-127C6415B26F}"
EndProject
Project("{FAE04EC0-301F-11D3-BF4B-00C04F79EFBC}") = "HeyoVirtualFile", "VirtualFIle\HeyoVirtualFile.csproj", "{0761CEC2-3D06-436D-8A5D-4EC9AE980484}"
EndProject
Global
	GlobalSection(SolutionConfigurationPlatforms) = preSolution
		Debug|Any CPU = Debug|Any CPU
		Release|Any CPU = Release|Any CPU
	EndGlobalSection
	GlobalSection(ProjectConfigurationPlatforms) = postSolution
		{F05CF7F9-43A6-4404-AF87-3466A18242D0}.Debug|Any CPU.ActiveCfg = Debug|Any CPU
		{F05CF7F9-43A6-4404-AF87-3466A18242D0}.Debug|Any CPU.Build.0 = Debug|Any CPU
		{F05CF7F9-43A6-4404-AF87-3466A18242D0}.Release|Any CPU.ActiveCfg = Release|Any CPU
		{F05CF7F9-43A6-4404-AF87-3466A18242D0}.Release|Any CPU.Build.0 = Release|Any CPU
		{69F5371E-D49A-459B-AB23-127C6415B26F}.Debug|Any CPU.ActiveCfg = Debug|Any CPU
		{69F5371E-D49A-459B-AB23-127C6415B26F}.Debug|Any CPU.Build.0 = Debug|Any CPU
		{69F5371E-D49A-459B-AB23-127C6415B26F}.Release|Any CPU.ActiveCfg = Release|Any CPU
		{69F5371E-D49A-459B-AB23-127C6415B26F}.Release|Any CPU.Build.0 = Release|Any CPU
		{0761CEC2-3D06-436D-8A5D-4EC9AE980484}.Debug|Any CPU.ActiveCfg = Debug|Any CPU
		{0761CEC2-3D06-436D-8A5D-4EC9AE980484}.Debug|Any CPU.Build.0 = Debug|Any CPU
		{0761CEC2-3D06-436D-8A5D-4EC9AE980484}.Release|Any CPU.ActiveCfg = Release|Any CPU
		{0761CEC2-3D06-436D-8A5D-4EC9AE980484}.Release|Any CPU.Build.0 = Release|Any CPU
	EndGlobalSection
	GlobalSection(SolutionProperties) = preSolution
		HideSolutionNode = FALSE
	EndGlobalSection
	GlobalSection(ExtensibilityGlobals) = postSolution
		SolutionGuid = {C74D216B-1F50-4E3F-888B-504910C8711E}
	EndGlobalSection
EndGlobal
